
Microsoft Visual Studio Solution File, Format Version 12.00
# Visual Studio Version 17
VisualStudioVersion = 17.14.36301.6 d17.14
MinimumVisualStudioVersion = 10.0.40219.1
Project("{FAE04EC0-301F-11D3-BF4B-00C04F79EFBC}") = "SchoolSystem", "SchoolSystem\SchoolSystem.csproj", "{63615425-F7A4-4C48-A472-A6537A2961DB}"
EndProject
Global
	GlobalSection(SolutionConfigurationPlatforms) = preSolution
		Debug|Any CPU = Debug|Any CPU
		Release|Any CPU = Release|Any CPU
	EndGlobalSection
	GlobalSection(ProjectConfigurationPlatforms) = postSolution
		{63615425-F7A4-4C48-A472-A6537A2961DB}.Debug|Any CPU.ActiveCfg = Debug|Any CPU
		{63615425-F7A4-4C48-A472-A6537A2961DB}.Debug|Any CPU.Build.0 = Debug|Any CPU
		{63615425-F7A4-4C48-A472-A6537A2961DB}.Release|Any CPU.ActiveCfg = Release|Any CPU
		{63615425-F7A4-4C48-A472-A6537A2961DB}.Release|Any CPU.Build.0 = Release|Any CPU
	EndGlobalSection
	GlobalSection(SolutionProperties) = preSolution
		HideSolutionNode = FALSE
	EndGlobalSection
	GlobalSection(ExtensibilityGlobals) = postSolution
		SolutionGuid = {51D800DD-E6EC-485A-85D5-E6E5E541FAB1}
	EndGlobalSection
EndGlobal
